
Microsoft Visual Studio Solution File, Format Version 12.00
# Visual Studio Version 16
VisualStudioVersion = 16.0.29001.49
MinimumVisualStudioVersion = 10.0.40219.1
Project("{FAE04EC0-301F-11D3-BF4B-00C04F79EFBC}") = "MeatShopForms", "MeatShopForms\MeatShopForms.csproj", "{171D493E-7E04-4B7A-B4E8-F53DB049129E}"
EndProject
Project("{FAE04EC0-301F-11D3-BF4B-00C04F79EFBC}") = "MeatShop", "..\MeatShop\MeatShop\MeatShop.csproj", "{70B44710-4667-45F0-BFB1-AE58A451A296}"
EndProject
Global
	GlobalSection(SolutionConfigurationPlatforms) = preSolution
		Debug|Any CPU = Debug|Any CPU
		Release|Any CPU = Release|Any CPU
	EndGlobalSection
	GlobalSection(ProjectConfigurationPlatforms) = postSolution
		{171D493E-7E04-4B7A-B4E8-F53DB049129E}.Debug|Any CPU.ActiveCfg = Debug|Any CPU
		{171D493E-7E04-4B7A-B4E8-F53DB049129E}.Debug|Any CPU.Build.0 = Debug|Any CPU
		{171D493E-7E04-4B7A-B4E8-F53DB049129E}.Release|Any CPU.ActiveCfg = Release|Any CPU
		{171D493E-7E04-4B7A-B4E8-F53DB049129E}.Release|Any CPU.Build.0 = Release|Any CPU
		{70B44710-4667-45F0-BFB1-AE58A451A296}.Debug|Any CPU.ActiveCfg = Debug|Any CPU
		{70B44710-4667-45F0-BFB1-AE58A451A296}.Debug|Any CPU.Build.0 = Debug|Any CPU
		{70B44710-4667-45F0-BFB1-AE58A451A296}.Release|Any CPU.ActiveCfg = Release|Any CPU
		{70B44710-4667-45F0-BFB1-AE58A451A296}.Release|Any CPU.Build.0 = Release|Any CPU
	EndGlobalSection
	GlobalSection(SolutionProperties) = preSolution
		HideSolutionNode = FALSE
	EndGlobalSection
	GlobalSection(ExtensibilityGlobals) = postSolution
		SolutionGuid = {169A340B-22D2-4070-95E9-34ED3D7D0C08}
	EndGlobalSection
EndGlobal
